
Microsoft Visual Studio Solution File, Format Version 12.00
# Visual Studio Version 16
VisualStudioVersion = 16.0.33214.272
MinimumVisualStudioVersion = 10.0.40219.1
Project("{8BC9CEB8-8B4A-11D0-8D11-00A0C91BC942}") = "HanoiTowers", "HanoiTowers\HanoiTowers.vcxproj", "{345F641A-8B2E-468B-BAAE-B89497347650}"
EndProject
Project("{8BC9CEB8-8B4A-11D0-8D11-00A0C91BC942}") = "BubbleSort", "BubbleSort\BubbleSort.vcxproj", "{A485B5F3-661F-459E-AFBF-B84299E034AF}"
EndProject
Project("{8BC9CEB8-8B4A-11D0-8D11-00A0C91BC942}") = "InsertionSort", "InsertionSort\InsertionSort.vcxproj", "{D033737D-A916-4C21-BB02-23BA253904ED}"
EndProject
Project("{8BC9CEB8-8B4A-11D0-8D11-00A0C91BC942}") = "SelectionSort", "SelectionSort\SelectionSort.vcxproj", "{879EEDF1-6AD1-4A16-A4E2-F3C21D390A25}"
EndProject
Global
	GlobalSection(SolutionConfigurationPlatforms) = preSolution
		Debug|x64 = Debug|x64
		Debug|x86 = Debug|x86
		Release|x64 = Release|x64
		Release|x86 = Release|x86
	EndGlobalSection
	GlobalSection(ProjectConfigurationPlatforms) = postSolution
		{345F641A-8B2E-468B-BAAE-B89497347650}.Debug|x64.ActiveCfg = Debug|x64
		{345F641A-8B2E-468B-BAAE-B89497347650}.Debug|x64.Build.0 = Debug|x64
		{345F641A-8B2E-468B-BAAE-B89497347650}.Debug|x86.ActiveCfg = Debug|Win32
		{345F641A-8B2E-468B-BAAE-B89497347650}.Debug|x86.Build.0 = Debug|Win32
		{345F641A-8B2E-468B-BAAE-B89497347650}.Release|x64.ActiveCfg = Release|x64
		{345F641A-8B2E-468B-BAAE-B89497347650}.Release|x64.Build.0 = Release|x64
		{345F641A-8B2E-468B-BAAE-B89497347650}.Release|x86.ActiveCfg = Release|Win32
		{345F641A-8B2E-468B-BAAE-B89497347650}.Release|x86.Build.0 = Release|Win32
		{A485B5F3-661F-459E-AFBF-B84299E034AF}.Debug|x64.ActiveCfg = Debug|x64
		{A485B5F3-661F-459E-AFBF-B84299E034AF}.Debug|x64.Build.0 = Debug|x64
		{A485B5F3-661F-459E-AFBF-B84299E034AF}.Debug|x86.ActiveCfg = Debug|Win32
		{A485B5F3-661F-459E-AFBF-B84299E034AF}.Debug|x86.Build.0 = Debug|Win32
		{A485B5F3-661F-459E-AFBF-B84299E034AF}.Release|x64.ActiveCfg = Release|x64
		{A485B5F3-661F-459E-AFBF-B84299E034AF}.Release|x64.Build.0 = Release|x64
		{A485B5F3-661F-459E-AFBF-B84299E034AF}.Release|x86.ActiveCfg = Release|Win32
		{A485B5F3-661F-459E-AFBF-B84299E034AF}.Release|x86.Build.0 = Release|Win32
		{D033737D-A916-4C21-BB02-23BA253904ED}.Debug|x64.ActiveCfg = Debug|x64
		{D033737D-A916-4C21-BB02-23BA253904ED}.Debug|x64.Build.0 = Debug|x64
		{D033737D-A916-4C21-BB02-23BA253904ED}.Debug|x86.ActiveCfg = Debug|Win32
		{D033737D-A916-4C21-BB02-23BA253904ED}.Debug|x86.Build.0 = Debug|Win32
		{D033737D-A916-4C21-BB02-23BA253904ED}.Release|x64.ActiveCfg = Release|x64
		{D033737D-A916-4C21-BB02-23BA253904ED}.Release|x64.Build.0 = Release|x64
		{D033737D-A916-4C21-BB02-23BA253904ED}.Release|x86.ActiveCfg = Release|Win32
		{D033737D-A916-4C21-BB02-23BA253904ED}.Release|x86.Build.0 = Release|Win32
		{879EEDF1-6AD1-4A16-A4E2-F3C21D390A25}.Debug|x64.ActiveCfg = Debug|x64
		{879EEDF1-6AD1-4A16-A4E2-F3C21D390A25}.Debug|x64.Build.0 = Debug|x64
		{879EEDF1-6AD1-4A16-A4E2-F3C21D390A25}.Debug|x86.ActiveCfg = Debug|Win32
		{879EEDF1-6AD1-4A16-A4E2-F3C21D390A25}.Debug|x86.Build.0 = Debug|Win32
		{879EEDF1-6AD1-4A16-A4E2-F3C21D390A25}.Release|x64.ActiveCfg = Release|x64
		{879EEDF1-6AD1-4A16-A4E2-F3C21D390A25}.Release|x64.Build.0 = Release|x64
		{879EEDF1-6AD1-4A16-A4E2-F3C21D390A25}.Release|x86.ActiveCfg = Release|Win32
		{879EEDF1-6AD1-4A16-A4E2-F3C21D390A25}.Release|x86.Build.0 = Release|Win32
	EndGlobalSection
	GlobalSection(SolutionProperties) = preSolution
		HideSolutionNode = FALSE
	EndGlobalSection
	GlobalSection(ExtensibilityGlobals) = postSolution
		SolutionGuid = {CFE4759A-D1AD-45E3-9C78-15D5DEAA490F}
	EndGlobalSection
EndGlobal
